
Microsoft Visual Studio Solution File, Format Version 12.00
# Visual Studio Version 16
VisualStudioVersion = 16.0.33328.57
MinimumVisualStudioVersion = 10.0.40219.1
Project("{8BC9CEB8-8B4A-11D0-8D11-00A0C91BC942}") = "SpectralClustering", "SpectralClustering\SpectralClustering.vcxproj", "{23A3F382-8219-4D5B-A66B-ACF0BAF33A7F}"
EndProject
Global
	GlobalSection(SolutionConfigurationPlatforms) = preSolution
		Debug|x64 = Debug|x64
		Debug|x86 = Debug|x86
		Release|x64 = Release|x64
		Release|x86 = Release|x86
	EndGlobalSection
	GlobalSection(ProjectConfigurationPlatforms) = postSolution
		{23A3F382-8219-4D5B-A66B-ACF0BAF33A7F}.Debug|x64.ActiveCfg = Debug|x64
		{23A3F382-8219-4D5B-A66B-ACF0BAF33A7F}.Debug|x64.Build.0 = Debug|x64
		{23A3F382-8219-4D5B-A66B-ACF0BAF33A7F}.Debug|x86.ActiveCfg = Debug|Win32
		{23A3F382-8219-4D5B-A66B-ACF0BAF33A7F}.Debug|x86.Build.0 = Debug|Win32
		{23A3F382-8219-4D5B-A66B-ACF0BAF33A7F}.Release|x64.ActiveCfg = Release|x64
		{23A3F382-8219-4D5B-A66B-ACF0BAF33A7F}.Release|x64.Build.0 = Release|x64
		{23A3F382-8219-4D5B-A66B-ACF0BAF33A7F}.Release|x86.ActiveCfg = Release|Win32
		{23A3F382-8219-4D5B-A66B-ACF0BAF33A7F}.Release|x86.Build.0 = Release|Win32
	EndGlobalSection
	GlobalSection(SolutionProperties) = preSolution
		HideSolutionNode = FALSE
	EndGlobalSection
	GlobalSection(ExtensibilityGlobals) = postSolution
		SolutionGuid = {8BE82A30-3FA9-4294-BCE2-B785FF96DFC9}
	EndGlobalSection
EndGlobal
